{
  "originHash" : "0ed1a20ef167ff6bbd7e233d8316ce8089f144b9619fb921d55eb1b69ffdfd4c",
  "pins" : [
    {
      "identity" : "rive-ios",
      "kind" : "remoteSourceControl",
      "location" : "https://github.com/rive-app/rive-ios",
      "state" : {
        "revision" : "724db3ec15289efccf5149dbb37ac5e4a9e99697",
        "version" : "6.0.3"
      }
    }
  ],
  "version" : 3
}
