// !$*UTF8*$!
{
	archiveVersion = 1;
	classes = {
	};
	objectVersion = 56;
	objects = {

/* Begin PBXBuildFile section */
		997F593C2C7052C800BE491E /* Assets.xcassets in Resources */ = {isa = PBXBuildFile; fileRef = 997F593B2C7052C800BE491E /* Assets.xcassets */; };
		997F593E2C70561700BE491E /* MapView.swift in Sources */ = {isa = PBXBuildFile; fileRef = 997F593D2C70561700BE491E /* MapView.swift */; };
		997F59402C70582C00BE491E /* RealMapView.swift in Sources */ = {isa = PBXBuildFile; fileRef = 997F593F2C70582C00BE491E /* RealMapView.swift */; };
		997F59422C70753B00BE491E /* LocationManager.swift in Sources */ = {isa = PBXBuildFile; fileRef = 997F59412C70753B00BE491E /* LocationManager.swift */; };
		997F59442C710F9E00BE491E /* LoadingView.swift in Sources */ = {isa = PBXBuildFile; fileRef = 997F59432C710F9E00BE491E /* LoadingView.swift */; };
		997F59462C710FD600BE491E /* GIFView.swift in Sources */ = {isa = PBXBuildFile; fileRef = 997F59452C710FD600BE491E /* GIFView.swift */; };
		997F59482C71116C00BE491E /* UIImage+Gif.swift in Sources */ = {isa = PBXBuildFile; fileRef = 997F59472C71116C00BE491E /* UIImage+Gif.swift */; };
		997F594A2C71119A00BE491E /* loading.gif in Resources */ = {isa = PBXBuildFile; fileRef = 997F59492C71119A00BE491E /* loading.gif */; };
		9982F5752C7C1E58005CE859 /* UserAccountView.swift in Sources */ = {isa = PBXBuildFile; fileRef = 9982F5742C7C1E58005CE859 /* UserAccountView.swift */; };
		9982F5782C7C4C73005CE859 /* FirebaseAuth in Frameworks */ = {isa = PBXBuildFile; productRef = 9982F5772C7C4C73005CE859 /* FirebaseAuth */; };
		9982F57A2C7C4C73005CE859 /* FirebaseAuthCombine-Community in Frameworks */ = {isa = PBXBuildFile; productRef = 9982F5792C7C4C73005CE859 /* FirebaseAuthCombine-Community */; };
		9982F57C2C7C4D21005CE859 /* GoogleService-Info.plist in Resources */ = {isa = PBXBuildFile; fileRef = 9982F57B2C7C4D21005CE859 /* GoogleService-Info.plist */; };
		9982F57E2C7C4F17005CE859 /* AppDelegate.swift in Sources */ = {isa = PBXBuildFile; fileRef = 9982F57D2C7C4F17005CE859 /* AppDelegate.swift */; };
		9982F5822C7C4FC8005CE859 /* GoogleSignIn in Frameworks */ = {isa = PBXBuildFile; productRef = 9982F5812C7C4FC8005CE859 /* GoogleSignIn */; };
		9982F5842C7C4FC8005CE859 /* GoogleSignInSwift in Frameworks */ = {isa = PBXBuildFile; productRef = 9982F5832C7C4FC8005CE859 /* GoogleSignInSwift */; };
		99CBCFE62C6F96D200FA192B /* TaiwanTourApp.swift in Sources */ = {isa = PBXBuildFile; fileRef = 99CBCFE52C6F96D200FA192B /* TaiwanTourApp.swift */; };
		99CBCFE82C6F96D200FA192B /* ContentView.swift in Sources */ = {isa = PBXBuildFile; fileRef = 99CBCFE72C6F96D200FA192B /* ContentView.swift */; };
		99CBCFED2C6F96D300FA192B /* Preview Assets.xcassets in Resources */ = {isa = PBXBuildFile; fileRef = 99CBCFEC2C6F96D300FA192B /* Preview Assets.xcassets */; };
		99CBCFEF2C6F96D300FA192B /* Persistence.swift in Sources */ = {isa = PBXBuildFile; fileRef = 99CBCFEE2C6F96D300FA192B /* Persistence.swift */; };
		99CBCFF22C6F96D300FA192B /* TaiwanTour.xcdatamodeld in Sources */ = {isa = PBXBuildFile; fileRef = 99CBCFF02C6F96D300FA192B /* TaiwanTour.xcdatamodeld */; };
		99CBCFFC2C6F96D300FA192B /* TaiwanTourTests.swift in Sources */ = {isa = PBXBuildFile; fileRef = 99CBCFFB2C6F96D300FA192B /* TaiwanTourTests.swift */; };
		99CBD0062C6F96D300FA192B /* TaiwanTourUITests.swift in Sources */ = {isa = PBXBuildFile; fileRef = 99CBD0052C6F96D300FA192B /* TaiwanTourUITests.swift */; };
		99CBD0082C6F96D300FA192B /* TaiwanTourUITestsLaunchTests.swift in Sources */ = {isa = PBXBuildFile; fileRef = 99CBD0072C6F96D300FA192B /* TaiwanTourUITestsLaunchTests.swift */; };
		99CBD0372C6F981300FA192B /* RiveRuntime in Frameworks */ = {isa = PBXBuildFile; productRef = 99CBD0362C6F981300FA192B /* RiveRuntime */; };
		99CBD0542C6F98E100FA192B /* CustomTextField.swift in Sources */ = {isa = PBXBuildFile; fileRef = 99CBD0462C6F98E100FA192B /* CustomTextField.swift */; };
		99CBD0572C6F98E100FA192B /* Extensions.swift in Sources */ = {isa = PBXBuildFile; fileRef = 99CBD0452C6F98E100FA192B /* Extensions.swift */; };
		99CBD05A2C6F98E100FA192B /* CustomFont.swift in Sources */ = {isa = PBXBuildFile; fileRef = 99CBD0472C6F98E100FA192B /* CustomFont.swift */; };
		99CBD06B2C6F9E6100FA192B /* TabView.swift in Sources */ = {isa = PBXBuildFile; fileRef = 99CBD06A2C6F9E6100FA192B /* TabView.swift */; };
		99CBD06E2C6FA20100FA192B /* SideMenuHeaderView.swift in Sources */ = {isa = PBXBuildFile; fileRef = 99CBD06D2C6FA20100FA192B /* SideMenuHeaderView.swift */; };
		99CBD0702C6FA21C00FA192B /* SideMenuOptionView.swift in Sources */ = {isa = PBXBuildFile; fileRef = 99CBD06F2C6FA21C00FA192B /* SideMenuOptionView.swift */; };
		99CBD0722C6FA23200FA192B /* SideMenuView.swift in Sources */ = {isa = PBXBuildFile; fileRef = 99CBD0712C6FA23200FA192B /* SideMenuView.swift */; };
		99CBD0742C6FA24A00FA192B /* SideMenuViewModel.swift in Sources */ = {isa = PBXBuildFile; fileRef = 99CBD0732C6FA24A00FA192B /* SideMenuViewModel.swift */; };
/* End PBXBuildFile section */

/* Begin PBXContainerItemProxy section */
		99CBCFF82C6F96D300FA192B /* PBXContainerItemProxy */ = {
			isa = PBXContainerItemProxy;
			containerPortal = 99CBCFDA2C6F96D200FA192B /* Project object */;
			proxyType = 1;
			remoteGlobalIDString = 99CBCFE12C6F96D200FA192B;
			remoteInfo = TaiwanTour;
		};
		99CBD0022C6F96D300FA192B /* PBXContainerItemProxy */ = {
			isa = PBXContainerItemProxy;
			containerPortal = 99CBCFDA2C6F96D200FA192B /* Project object */;
			proxyType = 1;
			remoteGlobalIDString = 99CBCFE12C6F96D200FA192B;
			remoteInfo = TaiwanTour;
		};
/* End PBXContainerItemProxy section */

/* Begin PBXFileReference section */
		997F593B2C7052C800BE491E /* Assets.xcassets */ = {isa = PBXFileReference; lastKnownFileType = folder.assetcatalog; name = Assets.xcassets; path = ../../../.Trash/Assets.xcassets; sourceTree = "<group>"; };
		997F593D2C70561700BE491E /* MapView.swift */ = {isa = PBXFileReference; lastKnownFileType = sourcecode.swift; path = MapView.swift; sourceTree = "<group>"; };
		997F593F2C70582C00BE491E /* RealMapView.swift */ = {isa = PBXFileReference; lastKnownFileType = sourcecode.swift; path = RealMapView.swift; sourceTree = "<group>"; };
		997F59412C70753B00BE491E /* LocationManager.swift */ = {isa = PBXFileReference; lastKnownFileType = sourcecode.swift; path = LocationManager.swift; sourceTree = "<group>"; };
		997F59432C710F9E00BE491E /* LoadingView.swift */ = {isa = PBXFileReference; lastKnownFileType = sourcecode.swift; path = LoadingView.swift; sourceTree = "<group>"; };
		997F59452C710FD600BE491E /* GIFView.swift */ = {isa = PBXFileReference; lastKnownFileType = sourcecode.swift; path = GIFView.swift; sourceTree = "<group>"; };
		997F59472C71116C00BE491E /* UIImage+Gif.swift */ = {isa = PBXFileReference; fileEncoding = 4; lastKnownFileType = sourcecode.swift; name = "UIImage+Gif.swift"; path = "../../../Downloads/UIImage+Gif.swift"; sourceTree = "<group>"; };
		997F59492C71119A00BE491E /* loading.gif */ = {isa = PBXFileReference; lastKnownFileType = image.gif; path = loading.gif; sourceTree = "<group>"; };
		9982F5742C7C1E58005CE859 /* UserAccountView.swift */ = {isa = PBXFileReference; lastKnownFileType = sourcecode.swift; path = UserAccountView.swift; sourceTree = "<group>"; };
		9982F57B2C7C4D21005CE859 /* GoogleService-Info.plist */ = {isa = PBXFileReference; fileEncoding = 4; lastKnownFileType = text.plist.xml; path = "GoogleService-Info.plist"; sourceTree = "<group>"; };
		9982F57D2C7C4F17005CE859 /* AppDelegate.swift */ = {isa = PBXFileReference; lastKnownFileType = sourcecode.swift; path = AppDelegate.swift; sourceTree = "<group>"; };
		99CBCFE22C6F96D200FA192B /* TaiwanTour.app */ = {isa = PBXFileReference; explicitFileType = wrapper.application; includeInIndex = 0; path = TaiwanTour.app; sourceTree = BUILT_PRODUCTS_DIR; };
		99CBCFE52C6F96D200FA192B /* TaiwanTourApp.swift */ = {isa = PBXFileReference; lastKnownFileType = sourcecode.swift; path = TaiwanTourApp.swift; sourceTree = "<group>"; };
		99CBCFE72C6F96D200FA192B /* ContentView.swift */ = {isa = PBXFileReference; lastKnownFileType = sourcecode.swift; path = ContentView.swift; sourceTree = "<group>"; };
		99CBCFEC2C6F96D300FA192B /* Preview Assets.xcassets */ = {isa = PBXFileReference; lastKnownFileType = folder.assetcatalog; path = "Preview Assets.xcassets"; sourceTree = "<group>"; };
		99CBCFEE2C6F96D300FA192B /* Persistence.swift */ = {isa = PBXFileReference; lastKnownFileType = sourcecode.swift; path = Persistence.swift; sourceTree = "<group>"; };
		99CBCFF12C6F96D300FA192B /* TaiwanTour.xcdatamodel */ = {isa = PBXFileReference; lastKnownFileType = wrapper.xcdatamodel; path = TaiwanTour.xcdatamodel; sourceTree = "<group>"; };
		99CBCFF72C6F96D300FA192B /* TaiwanTourTests.xctest */ = {isa = PBXFileReference; explicitFileType = wrapper.cfbundle; includeInIndex = 0; path = TaiwanTourTests.xctest; sourceTree = BUILT_PRODUCTS_DIR; };
		99CBCFFB2C6F96D300FA192B /* TaiwanTourTests.swift */ = {isa = PBXFileReference; lastKnownFileType = sourcecode.swift; path = TaiwanTourTests.swift; sourceTree = "<group>"; };
		99CBD0012C6F96D300FA192B /* TaiwanTourUITests.xctest */ = {isa = PBXFileReference; explicitFileType = wrapper.cfbundle; includeInIndex = 0; path = TaiwanTourUITests.xctest; sourceTree = BUILT_PRODUCTS_DIR; };
		99CBD0052C6F96D300FA192B /* TaiwanTourUITests.swift */ = {isa = PBXFileReference; lastKnownFileType = sourcecode.swift; path = TaiwanTourUITests.swift; sourceTree = "<group>"; };
		99CBD0072C6F96D300FA192B /* TaiwanTourUITestsLaunchTests.swift */ = {isa = PBXFileReference; lastKnownFileType = sourcecode.swift; path = TaiwanTourUITestsLaunchTests.swift; sourceTree = "<group>"; };
		99CBD0452C6F98E100FA192B /* Extensions.swift */ = {isa = PBXFileReference; lastKnownFileType = sourcecode.swift; path = Extensions.swift; sourceTree = "<group>"; };
		99CBD0462C6F98E100FA192B /* CustomTextField.swift */ = {isa = PBXFileReference; lastKnownFileType = sourcecode.swift; path = CustomTextField.swift; sourceTree = "<group>"; };
		99CBD0472C6F98E100FA192B /* CustomFont.swift */ = {isa = PBXFileReference; lastKnownFileType = sourcecode.swift; path = CustomFont.swift; sourceTree = "<group>"; };
		99CBD04D2C6F98E100FA192B /* house.riv */ = {isa = PBXFileReference; lastKnownFileType = file; path = house.riv; sourceTree = "<group>"; };
		99CBD04E2C6F98E100FA192B /* menu_button.riv */ = {isa = PBXFileReference; lastKnownFileType = file; path = menu_button.riv; sourceTree = "<group>"; };
		99CBD04F2C6F98E100FA192B /* confetti.riv */ = {isa = PBXFileReference; lastKnownFileType = file; path = confetti.riv; sourceTree = "<group>"; };
		99CBD0502C6F98E100FA192B /* shapes.riv */ = {isa = PBXFileReference; lastKnownFileType = file; path = shapes.riv; sourceTree = "<group>"; };
		99CBD0512C6F98E100FA192B /* check.riv */ = {isa = PBXFileReference; lastKnownFileType = file; path = check.riv; sourceTree = "<group>"; };
		99CBD0522C6F98E100FA192B /* icons.riv */ = {isa = PBXFileReference; lastKnownFileType = file; path = icons.riv; sourceTree = "<group>"; };
		99CBD0532C6F98E100FA192B /* button.riv */ = {isa = PBXFileReference; lastKnownFileType = file; path = button.riv; sourceTree = "<group>"; };
		99CBD06A2C6F9E6100FA192B /* TabView.swift */ = {isa = PBXFileReference; lastKnownFileType = sourcecode.swift; path = TabView.swift; sourceTree = "<group>"; };
		99CBD06D2C6FA20100FA192B /* SideMenuHeaderView.swift */ = {isa = PBXFileReference; lastKnownFileType = sourcecode.swift; path = SideMenuHeaderView.swift; sourceTree = "<group>"; };
		99CBD06F2C6FA21C00FA192B /* SideMenuOptionView.swift */ = {isa = PBXFileReference; lastKnownFileType = sourcecode.swift; path = SideMenuOptionView.swift; sourceTree = "<group>"; };
		99CBD0712C6FA23200FA192B /* SideMenuView.swift */ = {isa = PBXFileReference; lastKnownFileType = sourcecode.swift; path = SideMenuView.swift; sourceTree = "<group>"; };
		99CBD0732C6FA24A00FA192B /* SideMenuViewModel.swift */ = {isa = PBXFileReference; lastKnownFileType = sourcecode.swift; path = SideMenuViewModel.swift; sourceTree = "<group>"; };
/* End PBXFileReference section */

/* Begin PBXFrameworksBuildPhase section */
		99CBCFDF2C6F96D200FA192B /* Frameworks */ = {
			isa = PBXFrameworksBuildPhase;
			buildActionMask = 2147483647;
			files = (
				9982F5842C7C4FC8005CE859 /* GoogleSignInSwift in Frameworks */,
				99CBD0372C6F981300FA192B /* RiveRuntime in Frameworks */,
				9982F5822C7C4FC8005CE859 /* GoogleSignIn in Frameworks */,
				9982F57A2C7C4C73005CE859 /* FirebaseAuthCombine-Community in Frameworks */,
				9982F5782C7C4C73005CE859 /* FirebaseAuth in Frameworks */,
			);
			runOnlyForDeploymentPostprocessing = 0;
		};
		99CBCFF42C6F96D300FA192B /* Frameworks */ = {
			isa = PBXFrameworksBuildPhase;
			buildActionMask = 2147483647;
			files = (
			);
			runOnlyForDeploymentPostprocessing = 0;
		};
		99CBCFFE2C6F96D300FA192B /* Frameworks */ = {
			isa = PBXFrameworksBuildPhase;
			buildActionMask = 2147483647;
			files = (
			);
			runOnlyForDeploymentPostprocessing = 0;
		};
/* End PBXFrameworksBuildPhase section */

/* Begin PBXGroup section */
		9982F57F2C7C4F73005CE859 /* Frameworks */ = {
			isa = PBXGroup;
			children = (
			);
			name = Frameworks;
			sourceTree = "<group>";
		};
		9982F58C2C7C61F6005CE859 /* RiveAssets */ = {
			isa = PBXGroup;
			children = (
			);
			name = RiveAssets;
			path = "../../../Downloads/0514-main/project0622/RiveAssets";
			sourceTree = "<group>";
		};
		99CBCFD92C6F96D200FA192B = {
			isa = PBXGroup;
			children = (
				99CBCFE42C6F96D200FA192B /* TaiwanTour */,
				99CBCFFA2C6F96D300FA192B /* TaiwanTourTests */,
				99CBD0042C6F96D300FA192B /* TaiwanTourUITests */,
				99CBCFE32C6F96D200FA192B /* Products */,
				9982F57F2C7C4F73005CE859 /* Frameworks */,
			);
			sourceTree = "<group>";
		};
		99CBCFE32C6F96D200FA192B /* Products */ = {
			isa = PBXGroup;
			children = (
				99CBCFE22C6F96D200FA192B /* TaiwanTour.app */,
				99CBCFF72C6F96D300FA192B /* TaiwanTourTests.xctest */,
				99CBD0012C6F96D300FA192B /* TaiwanTourUITests.xctest */,
			);
			name = Products;
			sourceTree = "<group>";
		};
		99CBCFE42C6F96D200FA192B /* TaiwanTour */ = {
			isa = PBXGroup;
			children = (
				9982F58C2C7C61F6005CE859 /* RiveAssets */,
				9982F57B2C7C4D21005CE859 /* GoogleService-Info.plist */,
				997F59492C71119A00BE491E /* loading.gif */,
				997F59472C71116C00BE491E /* UIImage+Gif.swift */,
				997F593B2C7052C800BE491E /* Assets.xcassets */,
				99CBD0442C6F98E100FA192B /* Style */,
				99CBD04C2C6F98E100FA192B /* RiveAssets */,
				99CBD06C2C6FA1E300FA192B /* SideMenuView */,
				99CBCFE52C6F96D200FA192B /* TaiwanTourApp.swift */,
				99CBCFE72C6F96D200FA192B /* ContentView.swift */,
				99CBD06A2C6F9E6100FA192B /* TabView.swift */,
				99CBCFEE2C6F96D300FA192B /* Persistence.swift */,
				99CBCFF02C6F96D300FA192B /* TaiwanTour.xcdatamodeld */,
				99CBCFEB2C6F96D300FA192B /* Preview Content */,
				997F593D2C70561700BE491E /* MapView.swift */,
				997F593F2C70582C00BE491E /* RealMapView.swift */,
				997F59412C70753B00BE491E /* LocationManager.swift */,
				997F59432C710F9E00BE491E /* LoadingView.swift */,
				997F59452C710FD600BE491E /* GIFView.swift */,
				9982F5742C7C1E58005CE859 /* UserAccountView.swift */,
				9982F57D2C7C4F17005CE859 /* AppDelegate.swift */,
			);
			path = TaiwanTour;
			sourceTree = "<group>";
		};
		99CBCFEB2C6F96D300FA192B /* Preview Content */ = {
			isa = PBXGroup;
			children = (
				99CBCFEC2C6F96D300FA192B /* Preview Assets.xcassets */,
			);
			path = "Preview Content";
			sourceTree = "<group>";
		};
		99CBCFFA2C6F96D300FA192B /* TaiwanTourTests */ = {
			isa = PBXGroup;
			children = (
				99CBCFFB2C6F96D300FA192B /* TaiwanTourTests.swift */,
			);
			path = TaiwanTourTests;
			sourceTree = "<group>";
		};
		99CBD0042C6F96D300FA192B /* TaiwanTourUITests */ = {
			isa = PBXGroup;
			children = (
				99CBD0052C6F96D300FA192B /* TaiwanTourUITests.swift */,
				99CBD0072C6F96D300FA192B /* TaiwanTourUITestsLaunchTests.swift */,
			);
			path = TaiwanTourUITests;
			sourceTree = "<group>";
		};
		99CBD0442C6F98E100FA192B /* Style */ = {
			isa = PBXGroup;
			children = (
				99CBD0472C6F98E100FA192B /* CustomFont.swift */,
				99CBD0462C6F98E100FA192B /* CustomTextField.swift */,
				99CBD0452C6F98E100FA192B /* Extensions.swift */,
			);
			path = Style;
			sourceTree = "<group>";
		};
		99CBD04C2C6F98E100FA192B /* RiveAssets */ = {
			isa = PBXGroup;
			children = (
				99CBD0532C6F98E100FA192B /* button.riv */,
				99CBD0512C6F98E100FA192B /* check.riv */,
				99CBD04F2C6F98E100FA192B /* confetti.riv */,
				99CBD04D2C6F98E100FA192B /* house.riv */,
				99CBD0522C6F98E100FA192B /* icons.riv */,
				99CBD04E2C6F98E100FA192B /* menu_button.riv */,
				99CBD0502C6F98E100FA192B /* shapes.riv */,
			);
			path = RiveAssets;
			sourceTree = "<group>";
		};
		99CBD06C2C6FA1E300FA192B /* SideMenuView */ = {
			isa = PBXGroup;
			children = (
				99CBD06D2C6FA20100FA192B /* SideMenuHeaderView.swift */,
				99CBD06F2C6FA21C00FA192B /* SideMenuOptionView.swift */,
				99CBD0712C6FA23200FA192B /* SideMenuView.swift */,
				99CBD0732C6FA24A00FA192B /* SideMenuViewModel.swift */,
			);
			path = SideMenuView;
			sourceTree = "<group>";
		};
/* End PBXGroup section */

/* Begin PBXNativeTarget section */
		99CBCFE12C6F96D200FA192B /* TaiwanTour */ = {
			isa = PBXNativeTarget;
			buildConfigurationList = 99CBD00B2C6F96D300FA192B /* Build configuration list for PBXNativeTarget "TaiwanTour" */;
			buildPhases = (
				99CBCFDE2C6F96D200FA192B /* Sources */,
				99CBCFDF2C6F96D200FA192B /* Frameworks */,
				99CBCFE02C6F96D200FA192B /* Resources */,
			);
			buildRules = (
			);
			dependencies = (
			);
			name = TaiwanTour;
			packageProductDependencies = (
				99CBD0362C6F981300FA192B /* RiveRuntime */,
				9982F5772C7C4C73005CE859 /* FirebaseAuth */,
				9982F5792C7C4C73005CE859 /* FirebaseAuthCombine-Community */,
				9982F5812C7C4FC8005CE859 /* GoogleSignIn */,
				9982F5832C7C4FC8005CE859 /* GoogleSignInSwift */,
			);
			productName = TaiwanTour;
			productReference = 99CBCFE22C6F96D200FA192B /* TaiwanTour.app */;
			productType = "com.apple.product-type.application";
		};
		99CBCFF62C6F96D300FA192B /* TaiwanTourTests */ = {
			isa = PBXNativeTarget;
			buildConfigurationList = 99CBD00E2C6F96D300FA192B /* Build configuration list for PBXNativeTarget "TaiwanTourTests" */;
			buildPhases = (
				99CBCFF32C6F96D300FA192B /* Sources */,
				99CBCFF42C6F96D300FA192B /* Frameworks */,
				99CBCFF52C6F96D300FA192B /* Resources */,
			);
			buildRules = (
			);
			dependencies = (
				99CBCFF92C6F96D300FA192B /* PBXTargetDependency */,
			);
			name = TaiwanTourTests;
			productName = TaiwanTourTests;
			productReference = 99CBCFF72C6F96D300FA192B /* TaiwanTourTests.xctest */;
			productType = "com.apple.product-type.bundle.unit-test";
		};
		99CBD0002C6F96D300FA192B /* TaiwanTourUITests */ = {
			isa = PBXNativeTarget;
			buildConfigurationList = 99CBD0112C6F96D300FA192B /* Build configuration list for PBXNativeTarget "TaiwanTourUITests" */;
			buildPhases = (
				99CBCFFD2C6F96D300FA192B /* Sources */,
				99CBCFFE2C6F96D300FA192B /* Frameworks */,
				99CBCFFF2C6F96D300FA192B /* Resources */,
			);
			buildRules = (
			);
			dependencies = (
				99CBD0032C6F96D300FA192B /* PBXTargetDependency */,
			);
			name = TaiwanTourUITests;
			productName = TaiwanTourUITests;
			productReference = 99CBD0012C6F96D300FA192B /* TaiwanTourUITests.xctest */;
			productType = "com.apple.product-type.bundle.ui-testing";
		};
/* End PBXNativeTarget section */

/* Begin PBXProject section */
		99CBCFDA2C6F96D200FA192B /* Project object */ = {
			isa = PBXProject;
			attributes = {
				BuildIndependentTargetsInParallel = 1;
				LastSwiftUpdateCheck = 1540;
				LastUpgradeCheck = 1540;
				TargetAttributes = {
					99CBCFE12C6F96D200FA192B = {
						CreatedOnToolsVersion = 15.4;
					};
					99CBCFF62C6F96D300FA192B = {
						CreatedOnToolsVersion = 15.4;
						TestTargetID = 99CBCFE12C6F96D200FA192B;
					};
					99CBD0002C6F96D300FA192B = {
						CreatedOnToolsVersion = 15.4;
						TestTargetID = 99CBCFE12C6F96D200FA192B;
					};
				};
			};
			buildConfigurationList = 99CBCFDD2C6F96D200FA192B /* Build configuration list for PBXProject "TaiwanTour" */;
			compatibilityVersion = "Xcode 14.0";
			developmentRegion = en;
			hasScannedForEncodings = 0;
			knownRegions = (
				en,
				Base,
			);
			mainGroup = 99CBCFD92C6F96D200FA192B;
			packageReferences = (
				99CBD0352C6F97F600FA192B /* XCRemoteSwiftPackageReference "rive-ios" */,
				9982F5762C7C4C73005CE859 /* XCRemoteSwiftPackageReference "firebase-ios-sdk" */,
				9982F5802C7C4FC8005CE859 /* XCRemoteSwiftPackageReference "GoogleSignIn-iOS" */,
			);
			productRefGroup = 99CBCFE32C6F96D200FA192B /* Products */;
			projectDirPath = "";
			projectRoot = "";
			targets = (
				99CBCFE12C6F96D200FA192B /* TaiwanTour */,
				99CBCFF62C6F96D300FA192B /* TaiwanTourTests */,
				99CBD0002C6F96D300FA192B /* TaiwanTourUITests */,
			);
		};
/* End PBXProject section */

/* Begin PBXResourcesBuildPhase section */
		99CBCFE02C6F96D200FA192B /* Resources */ = {
			isa = PBXResourcesBuildPhase;
			buildActionMask = 2147483647;
			files = (
				997F593C2C7052C800BE491E /* Assets.xcassets in Resources */,
				99CBCFED2C6F96D300FA192B /* Preview Assets.xcassets in Resources */,
				997F594A2C71119A00BE491E /* loading.gif in Resources */,
				9982F57C2C7C4D21005CE859 /* GoogleService-Info.plist in Resources */,
			);
			runOnlyForDeploymentPostprocessing = 0;
		};
		99CBCFF52C6F96D300FA192B /* Resources */ = {
			isa = PBXResourcesBuildPhase;
			buildActionMask = 2147483647;
			files = (
			);
			runOnlyForDeploymentPostprocessing = 0;
		};
		99CBCFFF2C6F96D300FA192B /* Resources */ = {
			isa = PBXResourcesBuildPhase;
			buildActionMask = 2147483647;
			files = (
			);
			runOnlyForDeploymentPostprocessing = 0;
		};
/* End PBXResourcesBuildPhase section */

/* Begin PBXSourcesBuildPhase section */
		99CBCFDE2C6F96D200FA192B /* Sources */ = {
			isa = PBXSourcesBuildPhase;
			buildActionMask = 2147483647;
			files = (
				99CBD0542C6F98E100FA192B /* CustomTextField.swift in Sources */,
				99CBD05A2C6F98E100FA192B /* CustomFont.swift in Sources */,
				997F59462C710FD600BE491E /* GIFView.swift in Sources */,
				997F59422C70753B00BE491E /* LocationManager.swift in Sources */,
				99CBCFEF2C6F96D300FA192B /* Persistence.swift in Sources */,
				9982F5752C7C1E58005CE859 /* UserAccountView.swift in Sources */,
				99CBD0702C6FA21C00FA192B /* SideMenuOptionView.swift in Sources */,
				997F59442C710F9E00BE491E /* LoadingView.swift in Sources */,
				9982F57E2C7C4F17005CE859 /* AppDelegate.swift in Sources */,
				997F593E2C70561700BE491E /* MapView.swift in Sources */,
				99CBD0742C6FA24A00FA192B /* SideMenuViewModel.swift in Sources */,
				99CBD0722C6FA23200FA192B /* SideMenuView.swift in Sources */,
				99CBCFF22C6F96D300FA192B /* TaiwanTour.xcdatamodeld in Sources */,
				99CBCFE82C6F96D200FA192B /* ContentView.swift in Sources */,
				997F59482C71116C00BE491E /* UIImage+Gif.swift in Sources */,
				99CBD0572C6F98E100FA192B /* Extensions.swift in Sources */,
				99CBD06E2C6FA20100FA192B /* SideMenuHeaderView.swift in Sources */,
				997F59402C70582C00BE491E /* RealMapView.swift in Sources */,
				99CBD06B2C6F9E6100FA192B /* TabView.swift in Sources */,
				99CBCFE62C6F96D200FA192B /* TaiwanTourApp.swift in Sources */,
			);
			runOnlyForDeploymentPostprocessing = 0;
		};
		99CBCFF32C6F96D300FA192B /* Sources */ = {
			isa = PBXSourcesBuildPhase;
			buildActionMask = 2147483647;
			files = (
				99CBCFFC2C6F96D300FA192B /* TaiwanTourTests.swift in Sources */,
			);
			runOnlyForDeploymentPostprocessing = 0;
		};
		99CBCFFD2C6F96D300FA192B /* Sources */ = {
			isa = PBXSourcesBuildPhase;
			buildActionMask = 2147483647;
			files = (
				99CBD0082C6F96D300FA192B /* TaiwanTourUITestsLaunchTests.swift in Sources */,
				99CBD0062C6F96D300FA192B /* TaiwanTourUITests.swift in Sources */,
			);
			runOnlyForDeploymentPostprocessing = 0;
		};
/* End PBXSourcesBuildPhase section */

/* Begin PBXTargetDependency section */
		99CBCFF92C6F96D300FA192B /* PBXTargetDependency */ = {
			isa = PBXTargetDependency;
			target = 99CBCFE12C6F96D200FA192B /* TaiwanTour */;
			targetProxy = 99CBCFF82C6F96D300FA192B /* PBXContainerItemProxy */;
		};
		99CBD0032C6F96D300FA192B /* PBXTargetDependency */ = {
			isa = PBXTargetDependency;
			target = 99CBCFE12C6F96D200FA192B /* TaiwanTour */;
			targetProxy = 99CBD0022C6F96D300FA192B /* PBXContainerItemProxy */;
		};
/* End PBXTargetDependency section */

/* Begin XCBuildConfiguration section */
		99CBD0092C6F96D300FA192B /* Debug */ = {
			isa = XCBuildConfiguration;
			buildSettings = {
				ALWAYS_SEARCH_USER_PATHS = NO;
				ASSETCATALOG_COMPILER_GENERATE_SWIFT_ASSET_SYMBOL_EXTENSIONS = YES;
				CLANG_ANALYZER_NONNULL = YES;
				CLANG_ANALYZER_NUMBER_OBJECT_CONVERSION = YES_AGGRESSIVE;
				CLANG_CXX_LANGUAGE_STANDARD = "gnu++20";
				CLANG_ENABLE_MODULES = YES;
				CLANG_ENABLE_OBJC_ARC = YES;
				CLANG_ENABLE_OBJC_WEAK = YES;
				CLANG_WARN_BLOCK_CAPTURE_AUTORELEASING = YES;
				CLANG_WARN_BOOL_CONVERSION = YES;
				CLANG_WARN_COMMA = YES;
				CLANG_WARN_CONSTANT_CONVERSION = YES;
				CLANG_WARN_DEPRECATED_OBJC_IMPLEMENTATIONS = YES;
				CLANG_WARN_DIRECT_OBJC_ISA_USAGE = YES_ERROR;
				CLANG_WARN_DOCUMENTATION_COMMENTS = YES;
				CLANG_WARN_EMPTY_BODY = YES;
				CLANG_WARN_ENUM_CONVERSION = YES;
				CLANG_WARN_INFINITE_RECURSION = YES;
				CLANG_WARN_INT_CONVERSION = YES;
				CLANG_WARN_NON_LITERAL_NULL_CONVERSION = YES;
				CLANG_WARN_OBJC_IMPLICIT_RETAIN_SELF = YES;
				CLANG_WARN_OBJC_LITERAL_CONVERSION = YES;
				CLANG_WARN_OBJC_ROOT_CLASS = YES_ERROR;
				CLANG_WARN_QUOTED_INCLUDE_IN_FRAMEWORK_HEADER = YES;
				CLANG_WARN_RANGE_LOOP_ANALYSIS = YES;
				CLANG_WARN_STRICT_PROTOTYPES = YES;
				CLANG_WARN_SUSPICIOUS_MOVE = YES;
				CLANG_WARN_UNGUARDED_AVAILABILITY = YES_AGGRESSIVE;
				CLANG_WARN_UNREACHABLE_CODE = YES;
				CLANG_WARN__DUPLICATE_METHOD_MATCH = YES;
				COPY_PHASE_STRIP = NO;
				DEBUG_INFORMATION_FORMAT = dwarf;
				ENABLE_STRICT_OBJC_MSGSEND = YES;
				ENABLE_TESTABILITY = YES;
				ENABLE_USER_SCRIPT_SANDBOXING = YES;
				GCC_C_LANGUAGE_STANDARD = gnu17;
				GCC_DYNAMIC_NO_PIC = NO;
				GCC_NO_COMMON_BLOCKS = YES;
				GCC_OPTIMIZATION_LEVEL = 0;
				GCC_PREPROCESSOR_DEFINITIONS = (
					"DEBUG=1",
					"$(inherited)",
				);
				GCC_WARN_64_TO_32_BIT_CONVERSION = YES;
				GCC_WARN_ABOUT_RETURN_TYPE = YES_ERROR;
				GCC_WARN_UNDECLARED_SELECTOR = YES;
				GCC_WARN_UNINITIALIZED_AUTOS = YES_AGGRESSIVE;
				GCC_WARN_UNUSED_FUNCTION = YES;
				GCC_WARN_UNUSED_VARIABLE = YES;
				IPHONEOS_DEPLOYMENT_TARGET = 17.5;
				LOCALIZATION_PREFERS_STRING_CATALOGS = YES;
				MTL_ENABLE_DEBUG_INFO = INCLUDE_SOURCE;
				MTL_FAST_MATH = YES;
				ONLY_ACTIVE_ARCH = YES;
				SDKROOT = iphoneos;
				SWIFT_ACTIVE_COMPILATION_CONDITIONS = "DEBUG $(inherited)";
				SWIFT_OPTIMIZATION_LEVEL = "-Onone";
			};
			name = Debug;
		};
		99CBD00A2C6F96D300FA192B /* Release */ = {
			isa = XCBuildConfiguration;
			buildSettings = {
				ALWAYS_SEARCH_USER_PATHS = NO;
				ASSETCATALOG_COMPILER_GENERATE_SWIFT_ASSET_SYMBOL_EXTENSIONS = YES;
				CLANG_ANALYZER_NONNULL = YES;
				CLANG_ANALYZER_NUMBER_OBJECT_CONVERSION = YES_AGGRESSIVE;
				CLANG_CXX_LANGUAGE_STANDARD = "gnu++20";
				CLANG_ENABLE_MODULES = YES;
				CLANG_ENABLE_OBJC_ARC = YES;
				CLANG_ENABLE_OBJC_WEAK = YES;
				CLANG_WARN_BLOCK_CAPTURE_AUTORELEASING = YES;
				CLANG_WARN_BOOL_CONVERSION = YES;
				CLANG_WARN_COMMA = YES;
				CLANG_WARN_CONSTANT_CONVERSION = YES;
				CLANG_WARN_DEPRECATED_OBJC_IMPLEMENTATIONS = YES;
				CLANG_WARN_DIRECT_OBJC_ISA_USAGE = YES_ERROR;
				CLANG_WARN_DOCUMENTATION_COMMENTS = YES;
				CLANG_WARN_EMPTY_BODY = YES;
				CLANG_WARN_ENUM_CONVERSION = YES;
				CLANG_WARN_INFINITE_RECURSION = YES;
				CLANG_WARN_INT_CONVERSION = YES;
				CLANG_WARN_NON_LITERAL_NULL_CONVERSION = YES;
				CLANG_WARN_OBJC_IMPLICIT_RETAIN_SELF = YES;
				CLANG_WARN_OBJC_LITERAL_CONVERSION = YES;
				CLANG_WARN_OBJC_ROOT_CLASS = YES_ERROR;
				CLANG_WARN_QUOTED_INCLUDE_IN_FRAMEWORK_HEADER = YES;
				CLANG_WARN_RANGE_LOOP_ANALYSIS = YES;
				CLANG_WARN_STRICT_PROTOTYPES = YES;
				CLANG_WARN_SUSPICIOUS_MOVE = YES;
				CLANG_WARN_UNGUARDED_AVAILABILITY = YES_AGGRESSIVE;
				CLANG_WARN_UNREACHABLE_CODE = YES;
				CLANG_WARN__DUPLICATE_METHOD_MATCH = YES;
				COPY_PHASE_STRIP = NO;
				DEBUG_INFORMATION_FORMAT = "dwarf-with-dsym";
				ENABLE_NS_ASSERTIONS = NO;
				ENABLE_STRICT_OBJC_MSGSEND = YES;
				ENABLE_USER_SCRIPT_SANDBOXING = YES;
				GCC_C_LANGUAGE_STANDARD = gnu17;
				GCC_NO_COMMON_BLOCKS = YES;
				GCC_WARN_64_TO_32_BIT_CONVERSION = YES;
				GCC_WARN_ABOUT_RETURN_TYPE = YES_ERROR;
				GCC_WARN_UNDECLARED_SELECTOR = YES;
				GCC_WARN_UNINITIALIZED_AUTOS = YES_AGGRESSIVE;
				GCC_WARN_UNUSED_FUNCTION = YES;
				GCC_WARN_UNUSED_VARIABLE = YES;
				IPHONEOS_DEPLOYMENT_TARGET = 17.5;
				LOCALIZATION_PREFERS_STRING_CATALOGS = YES;
				MTL_ENABLE_DEBUG_INFO = NO;
				MTL_FAST_MATH = YES;
				SDKROOT = iphoneos;
				SWIFT_COMPILATION_MODE = wholemodule;
				VALIDATE_PRODUCT = YES;
			};
			name = Release;
		};
		99CBD00C2C6F96D300FA192B /* Debug */ = {
			isa = XCBuildConfiguration;
			buildSettings = {
				ASSETCATALOG_COMPILER_APPICON_NAME = AppIcon;
				ASSETCATALOG_COMPILER_GLOBAL_ACCENT_COLOR_NAME = AccentColor;
				CODE_SIGN_STYLE = Automatic;
				CURRENT_PROJECT_VERSION = 1;
				DEVELOPMENT_ASSET_PATHS = "\"TaiwanTour/Preview Content\"";
				DEVELOPMENT_TEAM = GLJ8Z56ANQ;
				ENABLE_PREVIEWS = YES;
				GENERATE_INFOPLIST_FILE = YES;
				INFOPLIST_KEY_NSLocationWhenInUseUsageDescription = "";
				INFOPLIST_KEY_UIApplicationSceneManifest_Generation = YES;
				INFOPLIST_KEY_UIApplicationSupportsIndirectInputEvents = YES;
				INFOPLIST_KEY_UILaunchScreen_Generation = YES;
				INFOPLIST_KEY_UISupportedInterfaceOrientations_iPad = "UIInterfaceOrientationPortrait UIInterfaceOrientationPortraitUpsideDown UIInterfaceOrientationLandscapeLeft UIInterfaceOrientationLandscapeRight";
				INFOPLIST_KEY_UISupportedInterfaceOrientations_iPhone = "UIInterfaceOrientationPortrait UIInterfaceOrientationLandscapeLeft UIInterfaceOrientationLandscapeRight";
				LD_RUNPATH_SEARCH_PATHS = (
					"$(inherited)",
					"@executable_path/Frameworks",
				);
				MARKETING_VERSION = 1.0;
				PRODUCT_BUNDLE_IDENTIFIER = com.All.TaiwanTour;
				PRODUCT_NAME = "$(TARGET_NAME)";
				SWIFT_EMIT_LOC_STRINGS = YES;
				SWIFT_VERSION = 5.0;
				TARGETED_DEVICE_FAMILY = "1,2";
			};
			name = Debug;
		};
		99CBD00D2C6F96D300FA192B /* Release */ = {
			isa = XCBuildConfiguration;
			buildSettings = {
				ASSETCATALOG_COMPILER_APPICON_NAME = AppIcon;
				ASSETCATALOG_COMPILER_GLOBAL_ACCENT_COLOR_NAME = AccentColor;
				CODE_SIGN_STYLE = Automatic;
				CURRENT_PROJECT_VERSION = 1;
				DEVELOPMENT_ASSET_PATHS = "\"TaiwanTour/Preview Content\"";
				DEVELOPMENT_TEAM = GLJ8Z56ANQ;
				ENABLE_PREVIEWS = YES;
				GENERATE_INFOPLIST_FILE = YES;
				INFOPLIST_KEY_NSLocationWhenInUseUsageDescription = "";
				INFOPLIST_KEY_UIApplicationSceneManifest_Generation = YES;
				INFOPLIST_KEY_UIApplicationSupportsIndirectInputEvents = YES;
				INFOPLIST_KEY_UILaunchScreen_Generation = YES;
				INFOPLIST_KEY_UISupportedInterfaceOrientations_iPad = "UIInterfaceOrientationPortrait UIInterfaceOrientationPortraitUpsideDown UIInterfaceOrientationLandscapeLeft UIInterfaceOrientationLandscapeRight";
				INFOPLIST_KEY_UISupportedInterfaceOrientations_iPhone = "UIInterfaceOrientationPortrait UIInterfaceOrientationLandscapeLeft UIInterfaceOrientationLandscapeRight";
				LD_RUNPATH_SEARCH_PATHS = (
					"$(inherited)",
					"@executable_path/Frameworks",
				);
				MARKETING_VERSION = 1.0;
				PRODUCT_BUNDLE_IDENTIFIER = com.All.TaiwanTour;
				PRODUCT_NAME = "$(TARGET_NAME)";
				SWIFT_EMIT_LOC_STRINGS = YES;
				SWIFT_VERSION = 5.0;
				TARGETED_DEVICE_FAMILY = "1,2";
			};
			name = Release;
		};
		99CBD00F2C6F96D300FA192B /* Debug */ = {
			isa = XCBuildConfiguration;
			buildSettings = {
				ALWAYS_EMBED_SWIFT_STANDARD_LIBRARIES = YES;
				BUNDLE_LOADER = "$(TEST_HOST)";
				CODE_SIGN_STYLE = Automatic;
				CURRENT_PROJECT_VERSION = 1;
				DEVELOPMENT_TEAM = GLJ8Z56ANQ;
				GENERATE_INFOPLIST_FILE = YES;
				IPHONEOS_DEPLOYMENT_TARGET = 17.5;
				MARKETING_VERSION = 1.0;
				PRODUCT_BUNDLE_IDENTIFIER = com.All.TaiwanTourTests;
				PRODUCT_NAME = "$(TARGET_NAME)";
				SWIFT_EMIT_LOC_STRINGS = NO;
				SWIFT_VERSION = 5.0;
				TARGETED_DEVICE_FAMILY = "1,2";
				TEST_HOST = "$(BUILT_PRODUCTS_DIR)/TaiwanTour.app/$(BUNDLE_EXECUTABLE_FOLDER_PATH)/TaiwanTour";
			};
			name = Debug;
		};
		99CBD0102C6F96D300FA192B /* Release */ = {
			isa = XCBuildConfiguration;
			buildSettings = {
				ALWAYS_EMBED_SWIFT_STANDARD_LIBRARIES = YES;
				BUNDLE_LOADER = "$(TEST_HOST)";
				CODE_SIGN_STYLE = Automatic;
				CURRENT_PROJECT_VERSION = 1;
				DEVELOPMENT_TEAM = GLJ8Z56ANQ;
				GENERATE_INFOPLIST_FILE = YES;
				IPHONEOS_DEPLOYMENT_TARGET = 17.5;
				MARKETING_VERSION = 1.0;
				PRODUCT_BUNDLE_IDENTIFIER = com.All.TaiwanTourTests;
				PRODUCT_NAME = "$(TARGET_NAME)";
				SWIFT_EMIT_LOC_STRINGS = NO;
				SWIFT_VERSION = 5.0;
				TARGETED_DEVICE_FAMILY = "1,2";
				TEST_HOST = "$(BUILT_PRODUCTS_DIR)/TaiwanTour.app/$(BUNDLE_EXECUTABLE_FOLDER_PATH)/TaiwanTour";
			};
			name = Release;
		};
		99CBD0122C6F96D300FA192B /* Debug */ = {
			isa = XCBuildConfiguration;
			buildSettings = {
				ALWAYS_EMBED_SWIFT_STANDARD_LIBRARIES = YES;
				CODE_SIGN_STYLE = Automatic;
				CURRENT_PROJECT_VERSION = 1;
				DEVELOPMENT_TEAM = GLJ8Z56ANQ;
				GENERATE_INFOPLIST_FILE = YES;
				MARKETING_VERSION = 1.0;
				PRODUCT_BUNDLE_IDENTIFIER = com.All.TaiwanTourUITests;
				PRODUCT_NAME = "$(TARGET_NAME)";
				SWIFT_EMIT_LOC_STRINGS = NO;
				SWIFT_VERSION = 5.0;
				TARGETED_DEVICE_FAMILY = "1,2";
				TEST_TARGET_NAME = TaiwanTour;
			};
			name = Debug;
		};
		99CBD0132C6F96D300FA192B /* Release */ = {
			isa = XCBuildConfiguration;
			buildSettings = {
				ALWAYS_EMBED_SWIFT_STANDARD_LIBRARIES = YES;
				CODE_SIGN_STYLE = Automatic;
				CURRENT_PROJECT_VERSION = 1;
				DEVELOPMENT_TEAM = GLJ8Z56ANQ;
				GENERATE_INFOPLIST_FILE = YES;
				MARKETING_VERSION = 1.0;
				PRODUCT_BUNDLE_IDENTIFIER = com.All.TaiwanTourUITests;
				PRODUCT_NAME = "$(TARGET_NAME)";
				SWIFT_EMIT_LOC_STRINGS = NO;
				SWIFT_VERSION = 5.0;
				TARGETED_DEVICE_FAMILY = "1,2";
				TEST_TARGET_NAME = TaiwanTour;
			};
			name = Release;
		};
/* End XCBuildConfiguration section */

/* Begin XCConfigurationList section */
		99CBCFDD2C6F96D200FA192B /* Build configuration list for PBXProject "TaiwanTour" */ = {
			isa = XCConfigurationList;
			buildConfigurations = (
				99CBD0092C6F96D300FA192B /* Debug */,
				99CBD00A2C6F96D300FA192B /* Release */,
			);
			defaultConfigurationIsVisible = 0;
			defaultConfigurationName = Release;
		};
		99CBD00B2C6F96D300FA192B /* Build configuration list for PBXNativeTarget "TaiwanTour" */ = {
			isa = XCConfigurationList;
			buildConfigurations = (
				99CBD00C2C6F96D300FA192B /* Debug */,
				99CBD00D2C6F96D300FA192B /* Release */,
			);
			defaultConfigurationIsVisible = 0;
			defaultConfigurationName = Release;
		};
		99CBD00E2C6F96D300FA192B /* Build configuration list for PBXNativeTarget "TaiwanTourTests" */ = {
			isa = XCConfigurationList;
			buildConfigurations = (
				99CBD00F2C6F96D300FA192B /* Debug */,
				99CBD0102C6F96D300FA192B /* Release */,
			);
			defaultConfigurationIsVisible = 0;
			defaultConfigurationName = Release;
		};
		99CBD0112C6F96D300FA192B /* Build configuration list for PBXNativeTarget "TaiwanTourUITests" */ = {
			isa = XCConfigurationList;
			buildConfigurations = (
				99CBD0122C6F96D300FA192B /* Debug */,
				99CBD0132C6F96D300FA192B /* Release */,
			);
			defaultConfigurationIsVisible = 0;
			defaultConfigurationName = Release;
		};
/* End XCConfigurationList section */

/* Begin XCRemoteSwiftPackageReference section */
		9982F5762C7C4C73005CE859 /* XCRemoteSwiftPackageReference "firebase-ios-sdk" */ = {
			isa = XCRemoteSwiftPackageReference;
			repositoryURL = "https://github.com/firebase/firebase-ios-sdk";
			requirement = {
				kind = upToNextMajorVersion;
				minimumVersion = 11.1.0;
			};
		};
		9982F5802C7C4FC8005CE859 /* XCRemoteSwiftPackageReference "GoogleSignIn-iOS" */ = {
			isa = XCRemoteSwiftPackageReference;
			repositoryURL = "https://github.com/google/GoogleSignIn-iOS";
			requirement = {
				kind = upToNextMajorVersion;
				minimumVersion = 8.0.0;
			};
		};
		99CBD0352C6F97F600FA192B /* XCRemoteSwiftPackageReference "rive-ios" */ = {
			isa = XCRemoteSwiftPackageReference;
			repositoryURL = "https://github.com/rive-app/rive-ios";
			requirement = {
				kind = upToNextMajorVersion;
				minimumVersion = 6.0.3;
			};
		};
/* End XCRemoteSwiftPackageReference section */

/* Begin XCSwiftPackageProductDependency section */
		9982F5772C7C4C73005CE859 /* FirebaseAuth */ = {
			isa = XCSwiftPackageProductDependency;
			package = 9982F5762C7C4C73005CE859 /* XCRemoteSwiftPackageReference "firebase-ios-sdk" */;
			productName = FirebaseAuth;
		};
		9982F5792C7C4C73005CE859 /* FirebaseAuthCombine-Community */ = {
			isa = XCSwiftPackageProductDependency;
			package = 9982F5762C7C4C73005CE859 /* XCRemoteSwiftPackageReference "firebase-ios-sdk" */;
			productName = "FirebaseAuthCombine-Community";
		};
		9982F5812C7C4FC8005CE859 /* GoogleSignIn */ = {
			isa = XCSwiftPackageProductDependency;
			package = 9982F5802C7C4FC8005CE859 /* XCRemoteSwiftPackageReference "GoogleSignIn-iOS" */;
			productName = GoogleSignIn;
		};
		9982F5832C7C4FC8005CE859 /* GoogleSignInSwift */ = {
			isa = XCSwiftPackageProductDependency;
			package = 9982F5802C7C4FC8005CE859 /* XCRemoteSwiftPackageReference "GoogleSignIn-iOS" */;
			productName = GoogleSignInSwift;
		};
		99CBD0362C6F981300FA192B /* RiveRuntime */ = {
			isa = XCSwiftPackageProductDependency;
			package = 99CBD0352C6F97F600FA192B /* XCRemoteSwiftPackageReference "rive-ios" */;
			productName = RiveRuntime;
		};
/* End XCSwiftPackageProductDependency section */

/* Begin XCVersionGroup section */
		99CBCFF02C6F96D300FA192B /* TaiwanTour.xcdatamodeld */ = {
			isa = XCVersionGroup;
			children = (
				99CBCFF12C6F96D300FA192B /* TaiwanTour.xcdatamodel */,
			);
			currentVersion = 99CBCFF12C6F96D300FA192B /* TaiwanTour.xcdatamodel */;
			path = TaiwanTour.xcdatamodeld;
			sourceTree = "<group>";
			versionGroupType = wrapper.xcdatamodel;
		};
/* End XCVersionGroup section */
	};
	rootObject = 99CBCFDA2C6F96D200FA192B /* Project object */;
}
